
Microsoft Visual Studio Solution File, Format Version 12.00
# Visual Studio 2013
VisualStudioVersion = 12.0.30723.0
MinimumVisualStudioVersion = 10.0.40219.1
Project("{FAE04EC0-301F-11D3-BF4B-00C04F79EFBC}") = "BusinessModels", "BusinessModels\BusinessModels.csproj", "{FEB75CC5-86C9-4BA4-90DF-78B884DA500D}"
EndProject
Project("{FAE04EC0-301F-11D3-BF4B-00C04F79EFBC}") = "Views", "Views\Views.csproj", "{02F30597-BCD7-4095-A3F4-AF1AC23CB8FB}"
EndProject
Project("{FAE04EC0-301F-11D3-BF4B-00C04F79EFBC}") = "Models", "Models\Models.csproj", "{41D7D369-D409-4BA0-87AC-4F0D0EB1C8EF}"
EndProject
Project("{FAE04EC0-301F-11D3-BF4B-00C04F79EFBC}") = "Presenters", "Presenters\Presenters.csproj", "{4F914959-A109-4C24-94CF-2361084B3943}"
EndProject
Project("{FAE04EC0-301F-11D3-BF4B-00C04F79EFBC}") = "MainEntry", "MainEntry\MainEntry.csproj", "{E03CB650-98CC-4773-B61B-1C2C0E38D1E6}"
EndProject
Project("{2150E333-8FDC-42A3-9474-1A3956D46DE8}") = "Solution Items", "Solution Items", "{9B2412B6-AE64-41CD-BF6C-82330B328E82}"
EndProject
Project("{2150E333-8FDC-42A3-9474-1A3956D46DE8}") = "DB", "DB", "{F25DA500-0427-4A53-9296-9CFAC3FC340A}"
	ProjectSection(SolutionItems) = preProject
		DB\ryanstaurant.bak = DB\ryanstaurant.bak
		DB\ryanstaurant.sql = DB\ryanstaurant.sql
		DB\Ryanstaurant.xls = DB\Ryanstaurant.xls
	EndProjectSection
EndProject
Project("{2150E333-8FDC-42A3-9474-1A3956D46DE8}") = "ORG", "ORG", "{94919789-C925-42DE-A994-44F5205C8A9F}"
EndProject
Project("{FAE04EC0-301F-11D3-BF4B-00C04F79EFBC}") = "Ryanstaurant.UMS.Service", "UserService\Ryanstaurant.UMS.Service.csproj", "{8EE77F78-48DD-45E9-88AB-EDE0196836BC}"
EndProject
Project("{2150E333-8FDC-42A3-9474-1A3956D46DE8}") = "UMS", "UMS", "{084A7870-455F-4D80-962D-E85A0C47C0EF}"
EndProject
Project("{FAE04EC0-301F-11D3-BF4B-00C04F79EFBC}") = "Ryanstaurant.UMS.Interface", "Ryanstaurant.UMS.Interface\Ryanstaurant.UMS.Interface.csproj", "{24FE75A4-4D04-4006-8518-4340CBD19942}"
EndProject
Project("{FAE04EC0-301F-11D3-BF4B-00C04F79EFBC}") = "Ryanstaurant.UMS.WorkSpace", "Ryanstaurant.UMS.WorkSpace\Ryanstaurant.UMS.WorkSpace.csproj", "{F013490B-FA44-4158-97AE-656168DEAE4A}"
EndProject
Project("{2150E333-8FDC-42A3-9474-1A3956D46DE8}") = "Utility", "Utility", "{03C1AB78-C218-41AA-A608-42C837DC35AF}"
EndProject
Project("{FAE04EC0-301F-11D3-BF4B-00C04F79EFBC}") = "Ryanstaurant.Utility", "Ryanstaurant.Utility\Ryanstaurant.Utility.csproj", "{DA98A705-F472-4ECE-A15A-0D75DC7B4655}"
EndProject
Project("{2150E333-8FDC-42A3-9474-1A3956D46DE8}") = "Servers", "Servers", "{5643C18D-17CE-4491-8286-6832649C2632}"
EndProject
Project("{FAE04EC0-301F-11D3-BF4B-00C04F79EFBC}") = "Ryanstaurant.Server", "Ryanstaurant.Server\Ryanstaurant.Server.csproj", "{FEC532C0-890B-4F64-8C54-16C3D30B6BCD}"
EndProject
Project("{FAE04EC0-301F-11D3-BF4B-00C04F79EFBC}") = "Ryanstaurant.UMS.DataAccess", "Ryanstaurant.UMS.DataAccess\Ryanstaurant.UMS.DataAccess.csproj", "{5143BD0E-DF9A-4425-9178-075F55E6BFB9}"
EndProject
Project("{FAE04EC0-301F-11D3-BF4B-00C04F79EFBC}") = "Ryanstaurant.UMS.DataContract", "Ryanstaurant.UMS.DataContract\Ryanstaurant.UMS.DataContract.csproj", "{F2FE3D45-0FED-4072-9C04-7636D4DF6589}"
EndProject
Project("{2150E333-8FDC-42A3-9474-1A3956D46DE8}") = "Clients", "Clients", "{1012B5AA-1CB3-453A-8ED8-49F4678DA5BD}"
EndProject
Project("{2150E333-8FDC-42A3-9474-1A3956D46DE8}") = "WPF", "WPF", "{59DE8F2B-DB18-42C9-806C-EF770255257D}"
EndProject
Project("{FAE04EC0-301F-11D3-BF4B-00C04F79EFBC}") = "Ryanstaurant.Clients.WPF.ManagementCenter.Model", "Ryanstaurant.Clients.WPF.ManagementCenter.Model\Ryanstaurant.Clients.WPF.ManagementCenter.Model.csproj", "{2900143C-FAF0-49A0-AD66-B2F338396CDC}"
	ProjectSection(ProjectDependencies) = postProject
		{8EE77F78-48DD-45E9-88AB-EDE0196836BC} = {8EE77F78-48DD-45E9-88AB-EDE0196836BC}
		{3A5463E5-4CD6-4F5E-B7CD-5AD5465BB75D} = {3A5463E5-4CD6-4F5E-B7CD-5AD5465BB75D}
	EndProjectSection
EndProject
Project("{2150E333-8FDC-42A3-9474-1A3956D46DE8}") = "ManagementCenter", "ManagementCenter", "{8393F83B-598D-44CE-A72F-99A2AF451C74}"
EndProject
Project("{FAE04EC0-301F-11D3-BF4B-00C04F79EFBC}") = "Ryanstaurant.Clients.WPF.ManagementCenter.ViewModel", "Ryanstaurant.Clients.WPF.ManagementCenter.ViewModel\Ryanstaurant.Clients.WPF.ManagementCenter.ViewModel.csproj", "{36C79047-50AB-4B80-94C5-9E9F26D70C2E}"
EndProject
Project("{FAE04EC0-301F-11D3-BF4B-00C04F79EFBC}") = "Ryanstaurant.Clients.WPF.ManagementCenter", "Ryanstaurant.Clients.WPF.ManagementCenter\Ryanstaurant.Clients.WPF.ManagementCenter.csproj", "{5950D476-0329-4146-B3F6-297F0D582A90}"
EndProject
Project("{FAE04EC0-301F-11D3-BF4B-00C04F79EFBC}") = "RyanstaurantApplicationServer", "RyanstaurantApplicationServer\RyanstaurantApplicationServer.csproj", "{3A5463E5-4CD6-4F5E-B7CD-5AD5465BB75D}"
EndProject
Project("{FAE04EC0-301F-11D3-BF4B-00C04F79EFBC}") = "Ryanstaurant.UMS.Client", "Ryanstaurant.UMS.Client\Ryanstaurant.UMS.Client.csproj", "{13270D87-87A3-4337-965C-6540838D9BBB}"
EndProject
Project("{FAE04EC0-301F-11D3-BF4B-00C04F79EFBC}") = "RyanstaurantWAS", "RyanstaurantWAS\RyanstaurantWAS.csproj", "{FC29D0E6-C49F-4C7D-957C-B1757A83ABD0}"
EndProject
Project("{FAE04EC0-301F-11D3-BF4B-00C04F79EFBC}") = "Ryanstaurant.UMS.Test", "Ryanstaurant.UMS.Test\Ryanstaurant.UMS.Test.csproj", "{ADF566B7-041A-4EFD-AA28-FB2BE5BB75CF}"
EndProject
Project("{FAE04EC0-301F-11D3-BF4B-00C04F79EFBC}") = "Ryanstaurant.Clients.WPF.ManagementCenter.Test", "Ryanstaurant.Clients.WPF.ManagementCenter.Test\Ryanstaurant.Clients.WPF.ManagementCenter.Test.csproj", "{C5F5C6EC-8670-4EC2-B871-538FFBB7851C}"
EndProject
Project("{2150E333-8FDC-42A3-9474-1A3956D46DE8}") = "OMS", "OMS", "{A1470738-E28A-494B-9380-5CD1B6E62E25}"
EndProject
Project("{FAE04EC0-301F-11D3-BF4B-00C04F79EFBC}") = "Ryanstaurant.OMS.Test", "Ryanstaurant.OMS.Test\Ryanstaurant.OMS.Test.csproj", "{C9C22F68-A7DC-4A34-B855-BEB038770BA1}"
EndProject
Project("{FAE04EC0-301F-11D3-BF4B-00C04F79EFBC}") = "Ryanstaurant.OMS.Interface", "Ryanstaurant.OMS.Interface\Ryanstaurant.OMS.Interface.csproj", "{72225290-3B7F-468F-AE62-50AECC031B74}"
EndProject
Project("{FAE04EC0-301F-11D3-BF4B-00C04F79EFBC}") = "Ryanstaurant.OMS.DataContract", "Ryanstaurant.OMS.DataContract\Ryanstaurant.OMS.DataContract.csproj", "{801F2B32-1F2E-49AF-BD3E-0F8BDA573E70}"
EndProject
Project("{FAE04EC0-301F-11D3-BF4B-00C04F79EFBC}") = "Ryanstaurant.OMS.DataAccess", "Ryanstaurant.OMS.DataAccess\Ryanstaurant.OMS.DataAccess.csproj", "{3013BCEA-3E06-4820-A58C-BCA0EB87C58C}"
EndProject
Project("{FAE04EC0-301F-11D3-BF4B-00C04F79EFBC}") = "Ryanstaurant.OMS.Service", "Ryanstaurant.OMS.Service\Ryanstaurant.OMS.Service.csproj", "{DF53B040-9A06-406A-9779-2A94DB3011CC}"
EndProject
Project("{FAE04EC0-301F-11D3-BF4B-00C04F79EFBC}") = "Ryanstaurant.OMS.WorkSpace", "Ryanstaurant.OMS.WorkSpace\Ryanstaurant.OMS.WorkSpace.csproj", "{02E35091-977D-40A7-A4EE-14D5146310D2}"
EndProject
Project("{2150E333-8FDC-42A3-9474-1A3956D46DE8}") = "GMS", "GMS", "{5BC6751E-AC03-4DC1-90BC-D35C6128EBD2}"
EndProject
Project("{FAE04EC0-301F-11D3-BF4B-00C04F79EFBC}") = "Ryanstaurant.GMS.Interface", "Ryanstaurant.GMS.Interface\Ryanstaurant.GMS.Interface.csproj", "{D0F3366A-E263-43FC-822D-6EBE76B4BE56}"
EndProject
Project("{FAE04EC0-301F-11D3-BF4B-00C04F79EFBC}") = "Ryanstaurant.GMS.DataAccess", "Ryanstaurant.GMS.DataAccess\Ryanstaurant.GMS.DataAccess.csproj", "{3A7CA991-C804-471F-999D-A00468B6A22C}"
EndProject
Project("{FAE04EC0-301F-11D3-BF4B-00C04F79EFBC}") = "Ryanstaurant.GMS.IWorkSpace", "Ryanstaurant.GMS.IWorkSpace\Ryanstaurant.GMS.IWorkSpace.csproj", "{261C01FF-D713-4586-A984-26606C380931}"
EndProject
Project("{FAE04EC0-301F-11D3-BF4B-00C04F79EFBC}") = "Ryanstaurant.GMS.DataContract", "Ryanstaurant.GMS.DataContract\Ryanstaurant.GMS.DataContract.csproj", "{E2DA114B-9798-43A6-864C-5ACA82A6868A}"
EndProject
Project("{FAE04EC0-301F-11D3-BF4B-00C04F79EFBC}") = "Ryanstaurant.GMS.WorkSpace", "Ryanstaurant.GMS.WorkSpace\Ryanstaurant.GMS.WorkSpace.csproj", "{2E027BB2-B565-4FED-962A-22ED5E7A6E49}"
EndProject
Project("{FAE04EC0-301F-11D3-BF4B-00C04F79EFBC}") = "Ryanstaurant.GMS.Test", "Ryanstaurant.GMS.Test\Ryanstaurant.GMS.Test.csproj", "{CF0E5A1E-AB92-4EB6-85A3-73964AFDC323}"
EndProject
Project("{FAE04EC0-301F-11D3-BF4B-00C04F79EFBC}") = "Ryanstaurant.OMS.Client", "Ryanstaurant.OMS.Client\Ryanstaurant.OMS.Client.csproj", "{469F3851-06FB-4647-9AAE-925835409940}"
EndProject
Global
	GlobalSection(SolutionConfigurationPlatforms) = preSolution
		Debug|Any CPU = Debug|Any CPU
		Release|Any CPU = Release|Any CPU
	EndGlobalSection
	GlobalSection(ProjectConfigurationPlatforms) = postSolution
		{FEB75CC5-86C9-4BA4-90DF-78B884DA500D}.Debug|Any CPU.ActiveCfg = Debug|Any CPU
		{FEB75CC5-86C9-4BA4-90DF-78B884DA500D}.Debug|Any CPU.Build.0 = Debug|Any CPU
		{FEB75CC5-86C9-4BA4-90DF-78B884DA500D}.Release|Any CPU.ActiveCfg = Release|Any CPU
		{FEB75CC5-86C9-4BA4-90DF-78B884DA500D}.Release|Any CPU.Build.0 = Release|Any CPU
		{02F30597-BCD7-4095-A3F4-AF1AC23CB8FB}.Debug|Any CPU.ActiveCfg = Debug|Any CPU
		{02F30597-BCD7-4095-A3F4-AF1AC23CB8FB}.Debug|Any CPU.Build.0 = Debug|Any CPU
		{02F30597-BCD7-4095-A3F4-AF1AC23CB8FB}.Release|Any CPU.ActiveCfg = Release|Any CPU
		{02F30597-BCD7-4095-A3F4-AF1AC23CB8FB}.Release|Any CPU.Build.0 = Release|Any CPU
		{41D7D369-D409-4BA0-87AC-4F0D0EB1C8EF}.Debug|Any CPU.ActiveCfg = Debug|Any CPU
		{41D7D369-D409-4BA0-87AC-4F0D0EB1C8EF}.Debug|Any CPU.Build.0 = Debug|Any CPU
		{41D7D369-D409-4BA0-87AC-4F0D0EB1C8EF}.Release|Any CPU.ActiveCfg = Release|Any CPU
		{41D7D369-D409-4BA0-87AC-4F0D0EB1C8EF}.Release|Any CPU.Build.0 = Release|Any CPU
		{4F914959-A109-4C24-94CF-2361084B3943}.Debug|Any CPU.ActiveCfg = Debug|Any CPU
		{4F914959-A109-4C24-94CF-2361084B3943}.Debug|Any CPU.Build.0 = Debug|Any CPU
		{4F914959-A109-4C24-94CF-2361084B3943}.Release|Any CPU.ActiveCfg = Release|Any CPU
		{4F914959-A109-4C24-94CF-2361084B3943}.Release|Any CPU.Build.0 = Release|Any CPU
		{E03CB650-98CC-4773-B61B-1C2C0E38D1E6}.Debug|Any CPU.ActiveCfg = Debug|Any CPU
		{E03CB650-98CC-4773-B61B-1C2C0E38D1E6}.Debug|Any CPU.Build.0 = Debug|Any CPU
		{E03CB650-98CC-4773-B61B-1C2C0E38D1E6}.Release|Any CPU.ActiveCfg = Release|Any CPU
		{E03CB650-98CC-4773-B61B-1C2C0E38D1E6}.Release|Any CPU.Build.0 = Release|Any CPU
		{8EE77F78-48DD-45E9-88AB-EDE0196836BC}.Debug|Any CPU.ActiveCfg = Debug|Any CPU
		{8EE77F78-48DD-45E9-88AB-EDE0196836BC}.Debug|Any CPU.Build.0 = Debug|Any CPU
		{8EE77F78-48DD-45E9-88AB-EDE0196836BC}.Release|Any CPU.ActiveCfg = Release|Any CPU
		{8EE77F78-48DD-45E9-88AB-EDE0196836BC}.Release|Any CPU.Build.0 = Release|Any CPU
		{24FE75A4-4D04-4006-8518-4340CBD19942}.Debug|Any CPU.ActiveCfg = Debug|Any CPU
		{24FE75A4-4D04-4006-8518-4340CBD19942}.Debug|Any CPU.Build.0 = Debug|Any CPU
		{24FE75A4-4D04-4006-8518-4340CBD19942}.Release|Any CPU.ActiveCfg = Release|Any CPU
		{24FE75A4-4D04-4006-8518-4340CBD19942}.Release|Any CPU.Build.0 = Release|Any CPU
		{F013490B-FA44-4158-97AE-656168DEAE4A}.Debug|Any CPU.ActiveCfg = Debug|Any CPU
		{F013490B-FA44-4158-97AE-656168DEAE4A}.Debug|Any CPU.Build.0 = Debug|Any CPU
		{F013490B-FA44-4158-97AE-656168DEAE4A}.Release|Any CPU.ActiveCfg = Release|Any CPU
		{F013490B-FA44-4158-97AE-656168DEAE4A}.Release|Any CPU.Build.0 = Release|Any CPU
		{DA98A705-F472-4ECE-A15A-0D75DC7B4655}.Debug|Any CPU.ActiveCfg = Debug|Any CPU
		{DA98A705-F472-4ECE-A15A-0D75DC7B4655}.Debug|Any CPU.Build.0 = Debug|Any CPU
		{DA98A705-F472-4ECE-A15A-0D75DC7B4655}.Release|Any CPU.ActiveCfg = Release|Any CPU
		{DA98A705-F472-4ECE-A15A-0D75DC7B4655}.Release|Any CPU.Build.0 = Release|Any CPU
		{FEC532C0-890B-4F64-8C54-16C3D30B6BCD}.Debug|Any CPU.ActiveCfg = Debug|Any CPU
		{FEC532C0-890B-4F64-8C54-16C3D30B6BCD}.Debug|Any CPU.Build.0 = Debug|Any CPU
		{FEC532C0-890B-4F64-8C54-16C3D30B6BCD}.Release|Any CPU.ActiveCfg = Release|Any CPU
		{FEC532C0-890B-4F64-8C54-16C3D30B6BCD}.Release|Any CPU.Build.0 = Release|Any CPU
		{5143BD0E-DF9A-4425-9178-075F55E6BFB9}.Debug|Any CPU.ActiveCfg = Debug|Any CPU
		{5143BD0E-DF9A-4425-9178-075F55E6BFB9}.Debug|Any CPU.Build.0 = Debug|Any CPU
		{5143BD0E-DF9A-4425-9178-075F55E6BFB9}.Release|Any CPU.ActiveCfg = Release|Any CPU
		{5143BD0E-DF9A-4425-9178-075F55E6BFB9}.Release|Any CPU.Build.0 = Release|Any CPU
		{F2FE3D45-0FED-4072-9C04-7636D4DF6589}.Debug|Any CPU.ActiveCfg = Debug|Any CPU
		{F2FE3D45-0FED-4072-9C04-7636D4DF6589}.Debug|Any CPU.Build.0 = Debug|Any CPU
		{F2FE3D45-0FED-4072-9C04-7636D4DF6589}.Release|Any CPU.ActiveCfg = Release|Any CPU
		{F2FE3D45-0FED-4072-9C04-7636D4DF6589}.Release|Any CPU.Build.0 = Release|Any CPU
		{2900143C-FAF0-49A0-AD66-B2F338396CDC}.Debug|Any CPU.ActiveCfg = Debug|Any CPU
		{2900143C-FAF0-49A0-AD66-B2F338396CDC}.Debug|Any CPU.Build.0 = Debug|Any CPU
		{2900143C-FAF0-49A0-AD66-B2F338396CDC}.Release|Any CPU.ActiveCfg = Release|Any CPU
		{2900143C-FAF0-49A0-AD66-B2F338396CDC}.Release|Any CPU.Build.0 = Release|Any CPU
		{36C79047-50AB-4B80-94C5-9E9F26D70C2E}.Debug|Any CPU.ActiveCfg = Debug|Any CPU
		{36C79047-50AB-4B80-94C5-9E9F26D70C2E}.Debug|Any CPU.Build.0 = Debug|Any CPU
		{36C79047-50AB-4B80-94C5-9E9F26D70C2E}.Release|Any CPU.ActiveCfg = Release|Any CPU
		{36C79047-50AB-4B80-94C5-9E9F26D70C2E}.Release|Any CPU.Build.0 = Release|Any CPU
		{5950D476-0329-4146-B3F6-297F0D582A90}.Debug|Any CPU.ActiveCfg = Debug|Any CPU
		{5950D476-0329-4146-B3F6-297F0D582A90}.Debug|Any CPU.Build.0 = Debug|Any CPU
		{5950D476-0329-4146-B3F6-297F0D582A90}.Release|Any CPU.ActiveCfg = Release|Any CPU
		{5950D476-0329-4146-B3F6-297F0D582A90}.Release|Any CPU.Build.0 = Release|Any CPU
		{3A5463E5-4CD6-4F5E-B7CD-5AD5465BB75D}.Debug|Any CPU.ActiveCfg = Debug|Any CPU
		{3A5463E5-4CD6-4F5E-B7CD-5AD5465BB75D}.Debug|Any CPU.Build.0 = Debug|Any CPU
		{3A5463E5-4CD6-4F5E-B7CD-5AD5465BB75D}.Release|Any CPU.ActiveCfg = Release|Any CPU
		{3A5463E5-4CD6-4F5E-B7CD-5AD5465BB75D}.Release|Any CPU.Build.0 = Release|Any CPU
		{13270D87-87A3-4337-965C-6540838D9BBB}.Debug|Any CPU.ActiveCfg = Debug|Any CPU
		{13270D87-87A3-4337-965C-6540838D9BBB}.Debug|Any CPU.Build.0 = Debug|Any CPU
		{13270D87-87A3-4337-965C-6540838D9BBB}.Release|Any CPU.ActiveCfg = Release|Any CPU
		{13270D87-87A3-4337-965C-6540838D9BBB}.Release|Any CPU.Build.0 = Release|Any CPU
		{FC29D0E6-C49F-4C7D-957C-B1757A83ABD0}.Debug|Any CPU.ActiveCfg = Debug|Any CPU
		{FC29D0E6-C49F-4C7D-957C-B1757A83ABD0}.Debug|Any CPU.Build.0 = Debug|Any CPU
		{FC29D0E6-C49F-4C7D-957C-B1757A83ABD0}.Release|Any CPU.ActiveCfg = Release|Any CPU
		{FC29D0E6-C49F-4C7D-957C-B1757A83ABD0}.Release|Any CPU.Build.0 = Release|Any CPU
		{ADF566B7-041A-4EFD-AA28-FB2BE5BB75CF}.Debug|Any CPU.ActiveCfg = Debug|Any CPU
		{ADF566B7-041A-4EFD-AA28-FB2BE5BB75CF}.Debug|Any CPU.Build.0 = Debug|Any CPU
		{ADF566B7-041A-4EFD-AA28-FB2BE5BB75CF}.Release|Any CPU.ActiveCfg = Release|Any CPU
		{ADF566B7-041A-4EFD-AA28-FB2BE5BB75CF}.Release|Any CPU.Build.0 = Release|Any CPU
		{C5F5C6EC-8670-4EC2-B871-538FFBB7851C}.Debug|Any CPU.ActiveCfg = Debug|Any CPU
		{C5F5C6EC-8670-4EC2-B871-538FFBB7851C}.Debug|Any CPU.Build.0 = Debug|Any CPU
		{C5F5C6EC-8670-4EC2-B871-538FFBB7851C}.Release|Any CPU.ActiveCfg = Release|Any CPU
		{C5F5C6EC-8670-4EC2-B871-538FFBB7851C}.Release|Any CPU.Build.0 = Release|Any CPU
		{C9C22F68-A7DC-4A34-B855-BEB038770BA1}.Debug|Any CPU.ActiveCfg = Debug|Any CPU
		{C9C22F68-A7DC-4A34-B855-BEB038770BA1}.Debug|Any CPU.Build.0 = Debug|Any CPU
		{C9C22F68-A7DC-4A34-B855-BEB038770BA1}.Release|Any CPU.ActiveCfg = Release|Any CPU
		{C9C22F68-A7DC-4A34-B855-BEB038770BA1}.Release|Any CPU.Build.0 = Release|Any CPU
		{72225290-3B7F-468F-AE62-50AECC031B74}.Debug|Any CPU.ActiveCfg = Debug|Any CPU
		{72225290-3B7F-468F-AE62-50AECC031B74}.Debug|Any CPU.Build.0 = Debug|Any CPU
		{72225290-3B7F-468F-AE62-50AECC031B74}.Release|Any CPU.ActiveCfg = Release|Any CPU
		{72225290-3B7F-468F-AE62-50AECC031B74}.Release|Any CPU.Build.0 = Release|Any CPU
		{801F2B32-1F2E-49AF-BD3E-0F8BDA573E70}.Debug|Any CPU.ActiveCfg = Debug|Any CPU
		{801F2B32-1F2E-49AF-BD3E-0F8BDA573E70}.Debug|Any CPU.Build.0 = Debug|Any CPU
		{801F2B32-1F2E-49AF-BD3E-0F8BDA573E70}.Release|Any CPU.ActiveCfg = Release|Any CPU
		{801F2B32-1F2E-49AF-BD3E-0F8BDA573E70}.Release|Any CPU.Build.0 = Release|Any CPU
		{3013BCEA-3E06-4820-A58C-BCA0EB87C58C}.Debug|Any CPU.ActiveCfg = Debug|Any CPU
		{3013BCEA-3E06-4820-A58C-BCA0EB87C58C}.Debug|Any CPU.Build.0 = Debug|Any CPU
		{3013BCEA-3E06-4820-A58C-BCA0EB87C58C}.Release|Any CPU.ActiveCfg = Release|Any CPU
		{3013BCEA-3E06-4820-A58C-BCA0EB87C58C}.Release|Any CPU.Build.0 = Release|Any CPU
		{DF53B040-9A06-406A-9779-2A94DB3011CC}.Debug|Any CPU.ActiveCfg = Debug|Any CPU
		{DF53B040-9A06-406A-9779-2A94DB3011CC}.Debug|Any CPU.Build.0 = Debug|Any CPU
		{DF53B040-9A06-406A-9779-2A94DB3011CC}.Release|Any CPU.ActiveCfg = Release|Any CPU
		{DF53B040-9A06-406A-9779-2A94DB3011CC}.Release|Any CPU.Build.0 = Release|Any CPU
		{02E35091-977D-40A7-A4EE-14D5146310D2}.Debug|Any CPU.ActiveCfg = Debug|Any CPU
		{02E35091-977D-40A7-A4EE-14D5146310D2}.Debug|Any CPU.Build.0 = Debug|Any CPU
		{02E35091-977D-40A7-A4EE-14D5146310D2}.Release|Any CPU.ActiveCfg = Release|Any CPU
		{02E35091-977D-40A7-A4EE-14D5146310D2}.Release|Any CPU.Build.0 = Release|Any CPU
		{D0F3366A-E263-43FC-822D-6EBE76B4BE56}.Debug|Any CPU.ActiveCfg = Debug|Any CPU
		{D0F3366A-E263-43FC-822D-6EBE76B4BE56}.Debug|Any CPU.Build.0 = Debug|Any CPU
		{D0F3366A-E263-43FC-822D-6EBE76B4BE56}.Release|Any CPU.ActiveCfg = Release|Any CPU
		{D0F3366A-E263-43FC-822D-6EBE76B4BE56}.Release|Any CPU.Build.0 = Release|Any CPU
		{3A7CA991-C804-471F-999D-A00468B6A22C}.Debug|Any CPU.ActiveCfg = Debug|Any CPU
		{3A7CA991-C804-471F-999D-A00468B6A22C}.Debug|Any CPU.Build.0 = Debug|Any CPU
		{3A7CA991-C804-471F-999D-A00468B6A22C}.Release|Any CPU.ActiveCfg = Release|Any CPU
		{3A7CA991-C804-471F-999D-A00468B6A22C}.Release|Any CPU.Build.0 = Release|Any CPU
		{261C01FF-D713-4586-A984-26606C380931}.Debug|Any CPU.ActiveCfg = Debug|Any CPU
		{261C01FF-D713-4586-A984-26606C380931}.Debug|Any CPU.Build.0 = Debug|Any CPU
		{261C01FF-D713-4586-A984-26606C380931}.Release|Any CPU.ActiveCfg = Release|Any CPU
		{261C01FF-D713-4586-A984-26606C380931}.Release|Any CPU.Build.0 = Release|Any CPU
		{E2DA114B-9798-43A6-864C-5ACA82A6868A}.Debug|Any CPU.ActiveCfg = Debug|Any CPU
		{E2DA114B-9798-43A6-864C-5ACA82A6868A}.Debug|Any CPU.Build.0 = Debug|Any CPU
		{E2DA114B-9798-43A6-864C-5ACA82A6868A}.Release|Any CPU.ActiveCfg = Release|Any CPU
		{E2DA114B-9798-43A6-864C-5ACA82A6868A}.Release|Any CPU.Build.0 = Release|Any CPU
		{2E027BB2-B565-4FED-962A-22ED5E7A6E49}.Debug|Any CPU.ActiveCfg = Debug|Any CPU
		{2E027BB2-B565-4FED-962A-22ED5E7A6E49}.Debug|Any CPU.Build.0 = Debug|Any CPU
		{2E027BB2-B565-4FED-962A-22ED5E7A6E49}.Release|Any CPU.ActiveCfg = Release|Any CPU
		{2E027BB2-B565-4FED-962A-22ED5E7A6E49}.Release|Any CPU.Build.0 = Release|Any CPU
		{CF0E5A1E-AB92-4EB6-85A3-73964AFDC323}.Debug|Any CPU.ActiveCfg = Debug|Any CPU
		{CF0E5A1E-AB92-4EB6-85A3-73964AFDC323}.Debug|Any CPU.Build.0 = Debug|Any CPU
		{CF0E5A1E-AB92-4EB6-85A3-73964AFDC323}.Release|Any CPU.ActiveCfg = Release|Any CPU
		{CF0E5A1E-AB92-4EB6-85A3-73964AFDC323}.Release|Any CPU.Build.0 = Release|Any CPU
		{469F3851-06FB-4647-9AAE-925835409940}.Debug|Any CPU.ActiveCfg = Debug|Any CPU
		{469F3851-06FB-4647-9AAE-925835409940}.Debug|Any CPU.Build.0 = Debug|Any CPU
		{469F3851-06FB-4647-9AAE-925835409940}.Release|Any CPU.ActiveCfg = Release|Any CPU
		{469F3851-06FB-4647-9AAE-925835409940}.Release|Any CPU.Build.0 = Release|Any CPU
	EndGlobalSection
	GlobalSection(SolutionProperties) = preSolution
		HideSolutionNode = FALSE
	EndGlobalSection
	GlobalSection(NestedProjects) = preSolution
		{FEB75CC5-86C9-4BA4-90DF-78B884DA500D} = {94919789-C925-42DE-A994-44F5205C8A9F}
		{02F30597-BCD7-4095-A3F4-AF1AC23CB8FB} = {94919789-C925-42DE-A994-44F5205C8A9F}
		{41D7D369-D409-4BA0-87AC-4F0D0EB1C8EF} = {94919789-C925-42DE-A994-44F5205C8A9F}
		{4F914959-A109-4C24-94CF-2361084B3943} = {94919789-C925-42DE-A994-44F5205C8A9F}
		{E03CB650-98CC-4773-B61B-1C2C0E38D1E6} = {94919789-C925-42DE-A994-44F5205C8A9F}
		{94919789-C925-42DE-A994-44F5205C8A9F} = {5643C18D-17CE-4491-8286-6832649C2632}
		{8EE77F78-48DD-45E9-88AB-EDE0196836BC} = {084A7870-455F-4D80-962D-E85A0C47C0EF}
		{24FE75A4-4D04-4006-8518-4340CBD19942} = {084A7870-455F-4D80-962D-E85A0C47C0EF}
		{F013490B-FA44-4158-97AE-656168DEAE4A} = {084A7870-455F-4D80-962D-E85A0C47C0EF}
		{DA98A705-F472-4ECE-A15A-0D75DC7B4655} = {03C1AB78-C218-41AA-A608-42C837DC35AF}
		{FEC532C0-890B-4F64-8C54-16C3D30B6BCD} = {5643C18D-17CE-4491-8286-6832649C2632}
		{5143BD0E-DF9A-4425-9178-075F55E6BFB9} = {084A7870-455F-4D80-962D-E85A0C47C0EF}
		{F2FE3D45-0FED-4072-9C04-7636D4DF6589} = {084A7870-455F-4D80-962D-E85A0C47C0EF}
		{59DE8F2B-DB18-42C9-806C-EF770255257D} = {8393F83B-598D-44CE-A72F-99A2AF451C74}
		{2900143C-FAF0-49A0-AD66-B2F338396CDC} = {59DE8F2B-DB18-42C9-806C-EF770255257D}
		{8393F83B-598D-44CE-A72F-99A2AF451C74} = {1012B5AA-1CB3-453A-8ED8-49F4678DA5BD}
		{36C79047-50AB-4B80-94C5-9E9F26D70C2E} = {59DE8F2B-DB18-42C9-806C-EF770255257D}
		{5950D476-0329-4146-B3F6-297F0D582A90} = {59DE8F2B-DB18-42C9-806C-EF770255257D}
		{3A5463E5-4CD6-4F5E-B7CD-5AD5465BB75D} = {5643C18D-17CE-4491-8286-6832649C2632}
		{13270D87-87A3-4337-965C-6540838D9BBB} = {084A7870-455F-4D80-962D-E85A0C47C0EF}
		{FC29D0E6-C49F-4C7D-957C-B1757A83ABD0} = {5643C18D-17CE-4491-8286-6832649C2632}
		{ADF566B7-041A-4EFD-AA28-FB2BE5BB75CF} = {084A7870-455F-4D80-962D-E85A0C47C0EF}
		{C5F5C6EC-8670-4EC2-B871-538FFBB7851C} = {59DE8F2B-DB18-42C9-806C-EF770255257D}
		{C9C22F68-A7DC-4A34-B855-BEB038770BA1} = {A1470738-E28A-494B-9380-5CD1B6E62E25}
		{72225290-3B7F-468F-AE62-50AECC031B74} = {A1470738-E28A-494B-9380-5CD1B6E62E25}
		{801F2B32-1F2E-49AF-BD3E-0F8BDA573E70} = {A1470738-E28A-494B-9380-5CD1B6E62E25}
		{3013BCEA-3E06-4820-A58C-BCA0EB87C58C} = {A1470738-E28A-494B-9380-5CD1B6E62E25}
		{DF53B040-9A06-406A-9779-2A94DB3011CC} = {A1470738-E28A-494B-9380-5CD1B6E62E25}
		{02E35091-977D-40A7-A4EE-14D5146310D2} = {A1470738-E28A-494B-9380-5CD1B6E62E25}
		{D0F3366A-E263-43FC-822D-6EBE76B4BE56} = {5BC6751E-AC03-4DC1-90BC-D35C6128EBD2}
		{3A7CA991-C804-471F-999D-A00468B6A22C} = {5BC6751E-AC03-4DC1-90BC-D35C6128EBD2}
		{261C01FF-D713-4586-A984-26606C380931} = {5BC6751E-AC03-4DC1-90BC-D35C6128EBD2}
		{E2DA114B-9798-43A6-864C-5ACA82A6868A} = {5BC6751E-AC03-4DC1-90BC-D35C6128EBD2}
		{2E027BB2-B565-4FED-962A-22ED5E7A6E49} = {5BC6751E-AC03-4DC1-90BC-D35C6128EBD2}
		{CF0E5A1E-AB92-4EB6-85A3-73964AFDC323} = {5BC6751E-AC03-4DC1-90BC-D35C6128EBD2}
		{469F3851-06FB-4647-9AAE-925835409940} = {A1470738-E28A-494B-9380-5CD1B6E62E25}
	EndGlobalSection
EndGlobal
